{
  "name": "aem-migrator",
  "lockfileVersion": 3,
  "requires": true,
  "packages": {
    "": {
      "dependencies": {
        "@spectrum-icons/ui": "^3.6.10",
        "@spectrum-icons/workflow": "^4.2.15"
      }
    },
    "node_modules/@adobe/react-spectrum-ui": {
      "version": "1.2.1",
      "resolved": "https://registry.npmjs.org/@adobe/react-spectrum-ui/-/react-spectrum-ui-1.2.1.tgz",
      "integrity": "sha512-wcrbEE2O/9WnEn6avBnaVRRx88S5PLFsPLr4wffzlbMfXeQsy+RMQwaJd3cbzrn18/j04Isit7f7Emfn0dhrJA==",
      "license": "Apache-2.0",
      "peerDependencies": {
        "react": "^16.8.0 || ^17.0.0-rc.1 || ^18.0.0 || ^19.0.0",
        "react-dom": "^16.8.0 || ^17.0.0-rc.1 || ^18.0.0 || ^19.0.0"
      }
    },
    "node_modules/@adobe/react-spectrum-workflow": {
      "version": "2.3.5",
      "resolved": "https://registry.npmjs.org/@adobe/react-spectrum-workflow/-/react-spectrum-workflow-2.3.5.tgz",
      "integrity": "sha512-b53VIPwPWKb/T5gzE3qs+QlGP5gVrw/LnWV3xMksDU+CRl3rzOKUwxIGiZO8ICyYh1WiyqY4myGlPU/nAynBUg==",
      "license": "Apache-2.0",
      "peerDependencies": {
        "react": "^16.8.0 || ^17.0.0-rc.1 || ^18.0.0 || ^19.0.0",
        "react-dom": "^16.8.0 || ^17.0.0-rc.1 || ^18.0.0 || ^19.0.0"
      }
    },
    "node_modules/@formatjs/ecma402-abstract": {
      "version": "2.2.3",
      "resolved": "https://registry.npmjs.org/@formatjs/ecma402-abstract/-/ecma402-abstract-2.2.3.tgz",
      "integrity": "sha512-aElGmleuReGnk2wtYOzYFmNWYoiWWmf1pPPCYg0oiIQSJj0mjc4eUfzUXaSOJ4S8WzI/cLqnCTWjqz904FT2OQ==",
      "license": "MIT",
      "dependencies": {
        "@formatjs/fast-memoize": "2.2.3",
        "@formatjs/intl-localematcher": "0.5.7",
        "tslib": "2"
      }
    },
    "node_modules/@formatjs/fast-memoize": {
      "version": "2.2.3",
      "resolved": "https://registry.npmjs.org/@formatjs/fast-memoize/-/fast-memoize-2.2.3.tgz",
      "integrity": "sha512-3jeJ+HyOfu8osl3GNSL4vVHUuWFXR03Iz9jjgI7RwjG6ysu/Ymdr0JRCPHfF5yGbTE6JCrd63EpvX1/WybYRbA==",
      "license": "MIT",
      "dependencies": {
        "tslib": "2"
      }
    },
    "node_modules/@formatjs/icu-messageformat-parser": {
      "version": "2.9.3",
      "resolved": "https://registry.npmjs.org/@formatjs/icu-messageformat-parser/-/icu-messageformat-parser-2.9.3.tgz",
      "integrity": "sha512-9L99QsH14XjOCIp4TmbT8wxuffJxGK8uLNO1zNhLtcZaVXvv626N0s4A2qgRCKG3dfYWx9psvGlFmvyVBa6u/w==",
      "license": "MIT",
      "dependencies": {
        "@formatjs/ecma402-abstract": "2.2.3",
        "@formatjs/icu-skeleton-parser": "1.8.7",
        "tslib": "2"
      }
    },
    "node_modules/@formatjs/icu-skeleton-parser": {
      "version": "1.8.7",
      "resolved": "https://registry.npmjs.org/@formatjs/icu-skeleton-parser/-/icu-skeleton-parser-1.8.7.tgz",
      "integrity": "sha512-fI+6SmS2g7h3srfAKSWa5dwreU5zNEfon2uFo99OToiLF6yxGE+WikvFSbsvMAYkscucvVmTYNlWlaDPp0n5HA==",
      "license": "MIT",
      "dependencies": {
        "@formatjs/ecma402-abstract": "2.2.3",
        "tslib": "2"
      }
    },
    "node_modules/@formatjs/intl-localematcher": {
      "version": "0.5.7",
      "resolved": "https://registry.npmjs.org/@formatjs/intl-localematcher/-/intl-localematcher-0.5.7.tgz",
      "integrity": "sha512-GGFtfHGQVFe/niOZp24Kal5b2i36eE2bNL0xi9Sg/yd0TR8aLjcteApZdHmismP5QQax1cMnZM9yWySUUjJteA==",
      "license": "MIT",
      "dependencies": {
        "tslib": "2"
      }
    },
    "node_modules/@internationalized/date": {
      "version": "3.5.6",
      "resolved": "https://registry.npmjs.org/@internationalized/date/-/date-3.5.6.tgz",
      "integrity": "sha512-jLxQjefH9VI5P9UQuqB6qNKnvFt1Ky1TPIzHGsIlCi7sZZoMR8SdYbBGRvM0y+Jtb+ez4ieBzmiAUcpmPYpyOw==",
      "license": "Apache-2.0",
      "dependencies": {
        "@swc/helpers": "^0.5.0"
      }
    },
    "node_modules/@internationalized/message": {
      "version": "3.1.5",
      "resolved": "https://registry.npmjs.org/@internationalized/message/-/message-3.1.5.tgz",
      "integrity": "sha512-hjEpLKFlYA3m5apldLqzHqw531qqfOEq0HlTWdfyZmcloWiUbWsYXD6YTiUmQmOtarthzhdjCAwMVrB8a4E7uA==",
      "license": "Apache-2.0",
      "dependencies": {
        "@swc/helpers": "^0.5.0",
        "intl-messageformat": "^10.1.0"
      }
    },
    "node_modules/@internationalized/number": {
      "version": "3.5.4",
      "resolved": "https://registry.npmjs.org/@internationalized/number/-/number-3.5.4.tgz",
      "integrity": "sha512-h9huwWjNqYyE2FXZZewWqmCdkw1HeFds5q4Siuoms3hUQC5iPJK3aBmkFZoDSLN4UD0Bl8G22L/NdHpeOr+/7A==",
      "license": "Apache-2.0",
      "dependencies": {
        "@swc/helpers": "^0.5.0"
      }
    },
    "node_modules/@internationalized/string": {
      "version": "3.2.4",
      "resolved": "https://registry.npmjs.org/@internationalized/string/-/string-3.2.4.tgz",
      "integrity": "sha512-BcyadXPn89Ae190QGZGDUZPqxLj/xsP4U1Br1oSy8yfIjmpJ8cJtGYleaodqW/EmzFjwELtwDojLkf3FhV6SjA==",
      "license": "Apache-2.0",
      "dependencies": {
        "@swc/helpers": "^0.5.0"
      }
    },
    "node_modules/@react-aria/focus": {
      "version": "3.18.4",
      "resolved": "https://registry.npmjs.org/@react-aria/focus/-/focus-3.18.4.tgz",
      "integrity": "sha512-91J35077w9UNaMK1cpMUEFRkNNz0uZjnSwiyBCFuRdaVuivO53wNC9XtWSDNDdcO5cGy87vfJRVAiyoCn/mjqA==",
      "license": "Apache-2.0",
      "peer": true,
      "dependencies": {
        "@react-aria/interactions": "^3.22.4",
        "@react-aria/utils": "^3.25.3",
        "@react-types/shared": "^3.25.0",
        "@swc/helpers": "^0.5.0",
        "clsx": "^2.0.0"
      },
      "peerDependencies": {
        "react": "^16.8.0 || ^17.0.0-rc.1 || ^18.0.0 || ^19.0.0"
      }
    },
    "node_modules/@react-aria/i18n": {
      "version": "3.12.3",
      "resolved": "https://registry.npmjs.org/@react-aria/i18n/-/i18n-3.12.3.tgz",
      "integrity": "sha512-0Tp/4JwnCVNKDfuknPF+/xf3/woOc8gUjTU2nCjO3mCVb4FU7KFtjxQ2rrx+6hpIVG6g+N9qfMjRa/ggVH0CJg==",
      "license": "Apache-2.0",
      "dependencies": {
        "@internationalized/date": "^3.5.6",
        "@internationalized/message": "^3.1.5",
        "@internationalized/number": "^3.5.4",
        "@internationalized/string": "^3.2.4",
        "@react-aria/ssr": "^3.9.6",
        "@react-aria/utils": "^3.25.3",
        "@react-types/shared": "^3.25.0",
        "@swc/helpers": "^0.5.0"
      },
      "peerDependencies": {
        "react": "^16.8.0 || ^17.0.0-rc.1 || ^18.0.0 || ^19.0.0"
      }
    },
    "node_modules/@react-aria/interactions": {
      "version": "3.22.4",
      "resolved": "https://registry.npmjs.org/@react-aria/interactions/-/interactions-3.22.4.tgz",
      "integrity": "sha512-E0vsgtpItmknq/MJELqYJwib+YN18Qag8nroqwjk1qOnBa9ROIkUhWJerLi1qs5diXq9LHKehZDXRlwPvdEFww==",
      "license": "Apache-2.0",
      "peer": true,
      "dependencies": {
        "@react-aria/ssr": "^3.9.6",
        "@react-aria/utils": "^3.25.3",
        "@react-types/shared": "^3.25.0",
        "@swc/helpers": "^0.5.0"
      },
      "peerDependencies": {
        "react": "^16.8.0 || ^17.0.0-rc.1 || ^18.0.0 || ^19.0.0"
      }
    },
    "node_modules/@react-aria/overlays": {
      "version": "3.23.4",
      "resolved": "https://registry.npmjs.org/@react-aria/overlays/-/overlays-3.23.4.tgz",
      "integrity": "sha512-MZUW6SUlTWOwKuFTqUTxW5BnvdW3Y9cEwanWuz98NX3ST7JYe/3ZcZhb37/fGW4uoGHnQ9icEwVf0rbMrK2STg==",
      "license": "Apache-2.0",
      "peer": true,
      "dependencies": {
        "@react-aria/focus": "^3.18.4",
        "@react-aria/i18n": "^3.12.3",
        "@react-aria/interactions": "^3.22.4",
        "@react-aria/ssr": "^3.9.6",
        "@react-aria/utils": "^3.25.3",
        "@react-aria/visually-hidden": "^3.8.17",
        "@react-stately/overlays": "^3.6.11",
        "@react-types/button": "^3.10.0",
        "@react-types/overlays": "^3.8.10",
        "@react-types/shared": "^3.25.0",
        "@swc/helpers": "^0.5.0"
      },
      "peerDependencies": {
        "react": "^16.8.0 || ^17.0.0-rc.1 || ^18.0.0 || ^19.0.0",
        "react-dom": "^16.8.0 || ^17.0.0-rc.1 || ^18.0.0 || ^19.0.0"
      }
    },
    "node_modules/@react-aria/ssr": {
      "version": "3.9.6",
      "resolved": "https://registry.npmjs.org/@react-aria/ssr/-/ssr-3.9.6.tgz",
      "integrity": "sha512-iLo82l82ilMiVGy342SELjshuWottlb5+VefO3jOQqQRNYnJBFpUSadswDPbRimSgJUZuFwIEYs6AabkP038fA==",
      "license": "Apache-2.0",
      "dependencies": {
        "@swc/helpers": "^0.5.0"
      },
      "engines": {
        "node": ">= 12"
      },
      "peerDependencies": {
        "react": "^16.8.0 || ^17.0.0-rc.1 || ^18.0.0 || ^19.0.0"
      }
    },
    "node_modules/@react-aria/utils": {
      "version": "3.25.3",
      "resolved": "https://registry.npmjs.org/@react-aria/utils/-/utils-3.25.3.tgz",
      "integrity": "sha512-PR5H/2vaD8fSq0H/UB9inNbc8KDcVmW6fYAfSWkkn+OAdhTTMVKqXXrZuZBWyFfSD5Ze7VN6acr4hrOQm2bmrA==",
      "license": "Apache-2.0",
      "dependencies": {
        "@react-aria/ssr": "^3.9.6",
        "@react-stately/utils": "^3.10.4",
        "@react-types/shared": "^3.25.0",
        "@swc/helpers": "^0.5.0",
        "clsx": "^2.0.0"
      },
      "peerDependencies": {
        "react": "^16.8.0 || ^17.0.0-rc.1 || ^18.0.0 || ^19.0.0"
      }
    },
    "node_modules/@react-aria/visually-hidden": {
      "version": "3.8.17",
      "resolved": "https://registry.npmjs.org/@react-aria/visually-hidden/-/visually-hidden-3.8.17.tgz",
      "integrity": "sha512-WFgny1q2CbxxU6gu46TGQXf1DjsnuSk+RBDP4M7bm1mUVZzoCp7U7AtjNmsBrWg0NejxUdgD7+7jkHHCQ91qRA==",
      "license": "Apache-2.0",
      "peer": true,
      "dependencies": {
        "@react-aria/interactions": "^3.22.4",
        "@react-aria/utils": "^3.25.3",
        "@react-types/shared": "^3.25.0",
        "@swc/helpers": "^0.5.0"
      },
      "peerDependencies": {
        "react": "^16.8.0 || ^17.0.0-rc.1 || ^18.0.0 || ^19.0.0"
      }
    },
    "node_modules/@react-spectrum/icon": {
      "version": "3.7.16",
      "resolved": "https://registry.npmjs.org/@react-spectrum/icon/-/icon-3.7.16.tgz",
      "integrity": "sha512-RT4fUnLCREropD/8soLntSfJ4qsEMaq/wCl7+UFnOPxePK/sl3iBB286JvWsYkyRUPxWV1sADEAPWXJHJWwpng==",
      "license": "Apache-2.0",
      "dependencies": {
        "@react-aria/utils": "^3.25.3",
        "@react-spectrum/utils": "^3.11.11",
        "@react-types/shared": "^3.25.0",
        "@swc/helpers": "^0.5.0"
      },
      "peerDependencies": {
        "@react-spectrum/provider": "^3.0.0",
        "react": "^16.8.0 || ^17.0.0-rc.1 || ^18.0.0 || ^19.0.0"
      }
    },
    "node_modules/@react-spectrum/provider": {
      "version": "3.9.12",
      "resolved": "https://registry.npmjs.org/@react-spectrum/provider/-/provider-3.9.12.tgz",
      "integrity": "sha512-uCEdWlTP9+xDRGiuffgZ4cmre55a4uPcstfbDmaPasgXyWxelbh3IpF4g7deynZOBR99xTHnWM7kL09ItTtd+Q==",
      "license": "Apache-2.0",
      "peer": true,
      "dependencies": {
        "@react-aria/i18n": "^3.12.3",
        "@react-aria/overlays": "^3.23.4",
        "@react-aria/utils": "^3.25.3",
        "@react-spectrum/utils": "^3.11.11",
        "@react-types/provider": "^3.8.4",
        "@react-types/shared": "^3.25.0",
        "@swc/helpers": "^0.5.0",
        "clsx": "^2.0.0"
      },
      "peerDependencies": {
        "react": "^16.8.0 || ^17.0.0-rc.1 || ^18.0.0 || ^19.0.0",
        "react-dom": "^16.8.0 || ^17.0.0-rc.1 || ^18.0.0 || ^19.0.0"
      }
    },
    "node_modules/@react-spectrum/utils": {
      "version": "3.11.11",
      "resolved": "https://registry.npmjs.org/@react-spectrum/utils/-/utils-3.11.11.tgz",
      "integrity": "sha512-Fed8tePDyxfG7CND6H+3Os+5DKwdaOl8VXznTtGNFD44gjCI8/LDxk+9YRN8SQCHMnFkEFobCDme98wFWDdpCQ==",
      "license": "Apache-2.0",
      "dependencies": {
        "@react-aria/i18n": "^3.12.3",
        "@react-aria/ssr": "^3.9.6",
        "@react-aria/utils": "^3.25.3",
        "@react-types/shared": "^3.25.0",
        "@swc/helpers": "^0.5.0",
        "clsx": "^2.0.0"
      },
      "peerDependencies": {
        "react": "^16.8.0 || ^17.0.0-rc.1 || ^18.0.0 || ^19.0.0"
      }
    },
    "node_modules/@react-stately/overlays": {
      "version": "3.6.11",
      "resolved": "https://registry.npmjs.org/@react-stately/overlays/-/overlays-3.6.11.tgz",
      "integrity": "sha512-usuxitwOx4FbmOW7Og4VM8R8ZjerbHZLLbFaxZW7pWLs7Ypway1YhJ3SWcyNTYK7NEk4o602kSoU6MSev1Vgag==",
      "license": "Apache-2.0",
      "peer": true,
      "dependencies": {
        "@react-stately/utils": "^3.10.4",
        "@react-types/overlays": "^3.8.10",
        "@swc/helpers": "^0.5.0"
      },
      "peerDependencies": {
        "react": "^16.8.0 || ^17.0.0-rc.1 || ^18.0.0 || ^19.0.0"
      }
    },
    "node_modules/@react-stately/utils": {
      "version": "3.10.4",
      "resolved": "https://registry.npmjs.org/@react-stately/utils/-/utils-3.10.4.tgz",
      "integrity": "sha512-gBEQEIMRh5f60KCm7QKQ2WfvhB2gLUr9b72sqUdIZ2EG+xuPgaIlCBeSicvjmjBvYZwOjoOEnmIkcx2GHp/HWw==",
      "license": "Apache-2.0",
      "dependencies": {
        "@swc/helpers": "^0.5.0"
      },
      "peerDependencies": {
        "react": "^16.8.0 || ^17.0.0-rc.1 || ^18.0.0 || ^19.0.0"
      }
    },
    "node_modules/@react-types/button": {
      "version": "3.10.0",
      "resolved": "https://registry.npmjs.org/@react-types/button/-/button-3.10.0.tgz",
      "integrity": "sha512-rAyU+N9VaHLBdZop4zasn8IDwf9I5Q1EzHUKMtzIFf5aUlMUW+K460zI/l8UESWRSWAXK9/WPSXGxfcoCEjvAA==",
      "license": "Apache-2.0",
      "peer": true,
      "dependencies": {
        "@react-types/shared": "^3.25.0"
      },
      "peerDependencies": {
        "react": "^16.8.0 || ^17.0.0-rc.1 || ^18.0.0 || ^19.0.0"
      }
    },
    "node_modules/@react-types/overlays": {
      "version": "3.8.10",
      "resolved": "https://registry.npmjs.org/@react-types/overlays/-/overlays-3.8.10.tgz",
      "integrity": "sha512-IcnB+VYfAJazRjWhBKZTmVMh3KTp/B1rRbcKkPx6t8djP9UQhKcohP7lAALxjJ56Jjz/GFC6rWyUcnYH0NFVRA==",
      "license": "Apache-2.0",
      "peer": true,
      "dependencies": {
        "@react-types/shared": "^3.25.0"
      },
      "peerDependencies": {
        "react": "^16.8.0 || ^17.0.0-rc.1 || ^18.0.0 || ^19.0.0"
      }
    },
    "node_modules/@react-types/provider": {
      "version": "3.8.4",
      "resolved": "https://registry.npmjs.org/@react-types/provider/-/provider-3.8.4.tgz",
      "integrity": "sha512-3nAbFsQUCs99KUdYV2ujfF6g6M1N6WH9K7Zo9i6vyPU+rMjvMvaFXXcq3E231HAhDlv4WuAKyi/9liBUPKWyPA==",
      "license": "Apache-2.0",
      "peer": true,
      "dependencies": {
        "@react-types/shared": "^3.25.0"
      },
      "peerDependencies": {
        "react": "^16.8.0 || ^17.0.0-rc.1 || ^18.0.0 || ^19.0.0"
      }
    },
    "node_modules/@react-types/shared": {
      "version": "3.25.0",
      "resolved": "https://registry.npmjs.org/@react-types/shared/-/shared-3.25.0.tgz",
      "integrity": "sha512-OZSyhzU6vTdW3eV/mz5i6hQwQUhkRs7xwY2d1aqPvTdMe0+2cY7Fwp45PAiwYLEj73i9ro2FxF9qC4DvHGSCgQ==",
      "license": "Apache-2.0",
      "peerDependencies": {
        "react": "^16.8.0 || ^17.0.0-rc.1 || ^18.0.0 || ^19.0.0"
      }
    },
    "node_modules/@spectrum-icons/ui": {
      "version": "3.6.10",
      "resolved": "https://registry.npmjs.org/@spectrum-icons/ui/-/ui-3.6.10.tgz",
      "integrity": "sha512-TbH4EETN2TLLhXYuRJM19fdIX7yCtI6MYVpJcOLYW+CCFVnq1f3jPDBJyoln/o1r7ifJwj+wnemDfZMkhlpZkw==",
      "license": "Apache-2.0",
      "dependencies": {
        "@adobe/react-spectrum-ui": "1.2.1",
        "@react-spectrum/icon": "^3.7.16",
        "@swc/helpers": "^0.5.0"
      },
      "peerDependencies": {
        "@react-spectrum/provider": "^3.0.0",
        "react": "^16.8.0 || ^17.0.0-rc.1 || ^18.0.0 || ^19.0.0"
      }
    },
    "node_modules/@spectrum-icons/workflow": {
      "version": "4.2.15",
      "resolved": "https://registry.npmjs.org/@spectrum-icons/workflow/-/workflow-4.2.15.tgz",
      "integrity": "sha512-dMvxGkTdTE7TGabHttRwQX8SE9ubpVg4JehBTufd4BllJyqQvUy1jr2KWR9wYBCRu+GekG1X8u5Jg5rY/5zyzQ==",
      "license": "Apache-2.0",
      "dependencies": {
        "@adobe/react-spectrum-workflow": "2.3.5",
        "@react-spectrum/icon": "^3.7.16",
        "@swc/helpers": "^0.5.0"
      },
      "peerDependencies": {
        "@react-spectrum/provider": "^3.0.0",
        "react": "^16.8.0 || ^17.0.0-rc.1 || ^18.0.0 || ^19.0.0"
      }
    },
    "node_modules/@swc/helpers": {
      "version": "0.5.13",
      "resolved": "https://registry.npmjs.org/@swc/helpers/-/helpers-0.5.13.tgz",
      "integrity": "sha512-UoKGxQ3r5kYI9dALKJapMmuK+1zWM/H17Z1+iwnNmzcJRnfFuevZs375TA5rW31pu4BS4NoSy1fRsexDXfWn5w==",
      "license": "Apache-2.0",
      "dependencies": {
        "tslib": "^2.4.0"
      }
    },
    "node_modules/clsx": {
      "version": "2.1.1",
      "resolved": "https://registry.npmjs.org/clsx/-/clsx-2.1.1.tgz",
      "integrity": "sha512-eYm0QWBtUrBWZWG0d386OGAw16Z995PiOVo2B7bjWSbHedGl5e0ZWaq65kOGgUSNesEIDkB9ISbTg/JK9dhCZA==",
      "license": "MIT",
      "engines": {
        "node": ">=6"
      }
    },
    "node_modules/intl-messageformat": {
      "version": "10.7.5",
      "resolved": "https://registry.npmjs.org/intl-messageformat/-/intl-messageformat-10.7.5.tgz",
      "integrity": "sha512-CflbRvJiahVmnfxq/lO+DCM1/8ji4vC4rTnz6ZJEKKodViB+EWgY9M4EqXVRQ+3K0Ng5qwSyqybPP+KSfS4KZw==",
      "license": "BSD-3-Clause",
      "dependencies": {
        "@formatjs/ecma402-abstract": "2.2.3",
        "@formatjs/fast-memoize": "2.2.3",
        "@formatjs/icu-messageformat-parser": "2.9.3",
        "tslib": "2"
      }
    },
    "node_modules/js-tokens": {
      "version": "4.0.0",
      "resolved": "https://registry.npmjs.org/js-tokens/-/js-tokens-4.0.0.tgz",
      "integrity": "sha512-RdJUflcE3cUzKiMqQgsCu06FPu9UdIJO0beYbPhHN4k6apgJtifcoCtT9bcxOpYBtpD2kCM6Sbzg4CausW/PKQ==",
      "license": "MIT",
      "peer": true
    },
    "node_modules/loose-envify": {
      "version": "1.4.0",
      "resolved": "https://registry.npmjs.org/loose-envify/-/loose-envify-1.4.0.tgz",
      "integrity": "sha512-lyuxPGr/Wfhrlem2CL/UcnUc1zcqKAImBDzukY7Y5F/yQiNdko6+fRLevlw1HgMySw7f611UIY408EtxRSoK3Q==",
      "license": "MIT",
      "peer": true,
      "dependencies": {
        "js-tokens": "^3.0.0 || ^4.0.0"
      },
      "bin": {
        "loose-envify": "cli.js"
      }
    },
    "node_modules/react": {
      "version": "18.3.1",
      "resolved": "https://registry.npmjs.org/react/-/react-18.3.1.tgz",
      "integrity": "sha512-wS+hAgJShR0KhEvPJArfuPVN1+Hz1t0Y6n5jLrGQbkb4urgPE/0Rve+1kMB1v/oWgHgm4WIcV+i7F2pTVj+2iQ==",
      "license": "MIT",
      "peer": true,
      "dependencies": {
        "loose-envify": "^1.1.0"
      },
      "engines": {
        "node": ">=0.10.0"
      }
    },
    "node_modules/react-dom": {
      "version": "18.3.1",
      "resolved": "https://registry.npmjs.org/react-dom/-/react-dom-18.3.1.tgz",
      "integrity": "sha512-5m4nQKp+rZRb09LNH59GM4BxTh9251/ylbKIbpe7TpGxfJ+9kv6BLkLBXIjjspbgbnIBNqlI23tRnTWT0snUIw==",
      "license": "MIT",
      "peer": true,
      "dependencies": {
        "loose-envify": "^1.1.0",
        "scheduler": "^0.23.2"
      },
      "peerDependencies": {
        "react": "^18.3.1"
      }
    },
    "node_modules/scheduler": {
      "version": "0.23.2",
      "resolved": "https://registry.npmjs.org/scheduler/-/scheduler-0.23.2.tgz",
      "integrity": "sha512-UOShsPwz7NrMUqhR6t0hWjFduvOzbtv7toDH1/hIrfRNIDBnnBWd0CwJTGvTpngVlmwGCdP9/Zl/tVrDqcuYzQ==",
      "license": "MIT",
      "peer": true,
      "dependencies": {
        "loose-envify": "^1.1.0"
      }
    },
    "node_modules/tslib": {
      "version": "2.8.1",
      "resolved": "https://registry.npmjs.org/tslib/-/tslib-2.8.1.tgz",
      "integrity": "sha512-oJFu94HQb+KVduSUQL7wnpmqnfmLsOA/nAh6b6EH0wCEoK0/mPeXU6c3wKDV83MkOuHPRHtSXKKU99IBazS/2w==",
      "license": "0BSD"
    }
  }
}
