{
  "name": "wtpl-aem-contentor",
  "lockfileVersion": 3,
  "requires": true,
  "packages": {
    "": {
      "dependencies": {
        "monaco-groovy": "^1.0.6"
      }
    },
    "node_modules/monaco-groovy": {
      "version": "1.0.6",
      "resolved": "https://registry.npmjs.org/monaco-groovy/-/monaco-groovy-1.0.6.tgz",
      "integrity": "sha512-ATeXKnv1rqSLDD/duXUj7Tsn3QaiiLaDfaW+vpUklW1j3nZfK8oP6EZV8kCi4wV6jMaan09D8NNuBzRyMdlkuQ==",
      "license": "MIT"
    }
  }
}
